// !$*UTF8*$!
{
	archiveVersion = 1;
	classes = {
	};
	objectVersion = 45;
	objects = {

/* Begin PBXBuildFile section */
		08F94F82334803C6790A1676 /* example_game_main.cpp in Sources */ = {isa = PBXBuildFile; fileRef = 053761EE28395B761D123D3A /* example_game_main.cpp */; };
		226815603BC92A0B5C802863 /* libnet.a in Frameworks */ = {isa = PBXBuildFile; fileRef = 4BB431A6411F23B50A2728A2 /* libnet.a */; };
/* End PBXBuildFile section */

/* Begin PBXContainerItemProxy section */
		70F721266A667FAF31673976 /* PBXContainerItemProxy */ = {
			isa = PBXContainerItemProxy;
			containerPortal = 6CD33C4C450962C7495A5F29 /* flatbuffers.xcodeproj */;
			proxyType = 2;
			remoteGlobalIDString = 2A316A8273F163E86CE90E27;
			remoteInfo = "flatc";
		};
		33DA0E675D41622818451BE6 /* PBXContainerItemProxy */ = {
			isa = PBXContainerItemProxy;
			containerPortal = 6CD33C4C450962C7495A5F29 /* flatbuffers.xcodeproj */;
			proxyType = 1;
			remoteGlobalIDString = 60DB43E84DF408263AC100CA;
			remoteInfo = "flatc";
		};
		5FA72B7F7FA47C9B782E51FF /* PBXContainerItemProxy */ = {
			isa = PBXContainerItemProxy;
			containerPortal = 315D16EA223252FF755E29DE /* net.xcodeproj */;
			proxyType = 2;
			remoteGlobalIDString = 15C1662E0C1927337805051D;
			remoteInfo = "libnet.a";
		};
		33250754199215662D6D193F /* PBXContainerItemProxy */ = {
			isa = PBXContainerItemProxy;
			containerPortal = 315D16EA223252FF755E29DE /* net.xcodeproj */;
			proxyType = 1;
			remoteGlobalIDString = 6D5D1B795C3F798C7FFB1A19;
			remoteInfo = "libnet.a";
		};
/* End PBXContainerItemProxy section */

/* Begin PBXFileReference section */
		053761EE28395B761D123D3A /* example_game_main.cpp */ = {isa = PBXFileReference; lastKnownFileType = sourcecode.cpp.cpp; name = "example_game_main.cpp"; path = "../../../code/example_game/example_game_main.cpp"; sourceTree = "<group>"; };
		296B34443F1A0CE5474F209E /* example_game */ = {isa = PBXFileReference; explicitFileType = "compiled.mach-o.executable"; includeInIndex = 0; name = "example_game"; path = "example_game"; sourceTree = BUILT_PRODUCTS_DIR; };
		6CD33C4C450962C7495A5F29 /* flatbuffers.xcodeproj */ = {isa = PBXFileReference; lastKnownFileType = "wrapper.pb-project"; name = "flatbuffers.xcodeproj"; path = "flatbuffers.xcodeproj"; sourceTree = SOURCE_ROOT; };
		315D16EA223252FF755E29DE /* net.xcodeproj */ = {isa = PBXFileReference; lastKnownFileType = "wrapper.pb-project"; name = "net.xcodeproj"; path = "net.xcodeproj"; sourceTree = SOURCE_ROOT; };
/* End PBXFileReference section */

/* Begin PBXFrameworksBuildPhase section */
		2F6E404A449F74524AD00385 /* Frameworks */ = {
			isa = PBXFrameworksBuildPhase;
			buildActionMask = 2147483647;
			files = (
				nil /* flatc in Frameworks */,
				226815603BC92A0B5C802863 /* libnet.a in Frameworks */,
			);
			runOnlyForDeploymentPostprocessing = 0;
		};
/* End PBXFrameworksBuildPhase section */

/* Begin PBXGroup section */
		6F6A73AD5CCE6F9B7CD833A3 /* example_game */ = {
			isa = PBXGroup;
			children = (
				256F387105680EFA599259D4 /* code */,
				723C7FBA7DFD336A5536718E /* Products */,
				7F7F342C24576C2A42E60E88 /* Projects */,
			);
			name = "example_game";
			sourceTree = "<group>";
		};
		256F387105680EFA599259D4 /* code */ = {
			isa = PBXGroup;
			children = (
				37214A717E87091F61FB65ED /* example_game */,
			);
			name = "code";
			sourceTree = "<group>";
		};
		37214A717E87091F61FB65ED /* example_game */ = {
			isa = PBXGroup;
			children = (
				053761EE28395B761D123D3A /* example_game_main.cpp */,
			);
			name = "example_game";
			sourceTree = "<group>";
		};
		723C7FBA7DFD336A5536718E /* Products */ = {
			isa = PBXGroup;
			children = (
				296B34443F1A0CE5474F209E /* example_game */,
			);
			name = "Products";
			sourceTree = "<group>";
		};
		7F7F342C24576C2A42E60E88 /* Projects */ = {
			isa = PBXGroup;
			children = (
				6CD33C4C450962C7495A5F29 /* flatbuffers.xcodeproj */,
				315D16EA223252FF755E29DE /* net.xcodeproj */,
			);
			name = "Projects";
			sourceTree = "<group>";
		};
		1B2857FB62530CC34D3837FC /* Products */ = {
			isa = PBXGroup;
			children = (
				665547760ED74C571D1D0269 /* flatc */,
			);
			name = Products;
			sourceTree = "<group>";
		};
		0A847DE2582E2A04587E4E8B /* Products */ = {
			isa = PBXGroup;
			children = (
				4BB431A6411F23B50A2728A2 /* libnet.a */,
			);
			name = Products;
			sourceTree = "<group>";
		};
/* End PBXGroup section */

/* Begin PBXNativeTarget section */
		5F3D572659CB41AF6DB964E7 /* example_game */ = {
			isa = PBXNativeTarget;
			buildConfigurationList = 4A2307151259703545DF6C95 /* Build configuration list for PBXNativeTarget "example_game" */;
			buildPhases = (
				61076AE574D908C07E767503 /* Resources */,
				06793E35305D34BE623F083E /* Sources */,
				2F6E404A449F74524AD00385 /* Frameworks */,
			);
			buildRules = (
			);
			dependencies = (
				01C915BF012C206757DF04F0 /* PBXTargetDependency */,
				76C3053B06F953B92B3F104E /* PBXTargetDependency */,
			);
			name = "example_game";
			productInstallPath = "$(HOME)/bin";
			productName = "example_game";
			productReference = 296B34443F1A0CE5474F209E /* example_game */;
			productType = "com.apple.product-type.tool";
		};
/* End PBXNativeTarget section */

/* Begin PBXProject section */
		08FB7793FE84155DC02AAC07 /* Project object */ = {
			isa = PBXProject;
			buildConfigurationList = 1DEB928908733DD80010E9CD /* Build configuration list for PBXProject "example_game" */;
			compatibilityVersion = "Xcode 3.2";
			hasScannedForEncodings = 1;
			mainGroup = 6F6A73AD5CCE6F9B7CD833A3 /* example_game */;
			projectDirPath = "";
			projectReferences = (
				{
					ProductGroup = 1B2857FB62530CC34D3837FC /* Products */;
					ProjectRef = 6CD33C4C450962C7495A5F29 /* flatbuffers.xcodeproj */;
				},
				{
					ProductGroup = 0A847DE2582E2A04587E4E8B /* Products */;
					ProjectRef = 315D16EA223252FF755E29DE /* net.xcodeproj */;
				},
			);
			projectRoot = "";
			targets = (
				5F3D572659CB41AF6DB964E7 /* example_game */,
			);
		};
/* End PBXProject section */

/* Begin PBXReferenceProxy section */
		665547760ED74C571D1D0269 /* flatc */ = {
			isa = PBXReferenceProxy;
			fileType = "compiled.mach-o.executable";
			path = "../../genie/flatc";
			remoteRef = 70F721266A667FAF31673976 /* PBXContainerItemProxy */;
			sourceTree = BUILT_PRODUCTS_DIR;
		};
		4BB431A6411F23B50A2728A2 /* libnet.a */ = {
			isa = PBXReferenceProxy;
			fileType = archive.ar;
			path = "../../genie/libnet.a";
			remoteRef = 5FA72B7F7FA47C9B782E51FF /* PBXContainerItemProxy */;
			sourceTree = BUILT_PRODUCTS_DIR;
		};
/* End PBXReferenceProxy section */

/* Begin PBXResourcesBuildPhase section */
		61076AE574D908C07E767503 /* Resources */ = {
			isa = PBXResourcesBuildPhase;
			buildActionMask = 2147483647;
			files = (
			);
			runOnlyForDeploymentPostprocessing = 0;
		};
/* End PBXResourcesBuildPhase section */

/* Begin PBXSourcesBuildPhase section */
		06793E35305D34BE623F083E /* Sources */ = {
			isa = PBXSourcesBuildPhase;
			buildActionMask = 2147483647;
			files = (
				08F94F82334803C6790A1676 /* example_game_main.cpp in Sources */,
			);
			runOnlyForDeploymentPostprocessing = 0;
		};
/* End PBXSourcesBuildPhase section */

/* Begin PBXVariantGroup section */
/* End PBXVariantGroup section */

/* Begin PBXTargetDependency section */
		01C915BF012C206757DF04F0 /* PBXTargetDependency */ = {
			isa = PBXTargetDependency;
			name = "flatc";
			targetProxy = 33DA0E675D41622818451BE6 /* PBXContainerItemProxy */;
		};
		76C3053B06F953B92B3F104E /* PBXTargetDependency */ = {
			isa = PBXTargetDependency;
			name = "libnet.a";
			targetProxy = 33250754199215662D6D193F /* PBXContainerItemProxy */;
		};
/* End PBXTargetDependency section */

/* Begin XCBuildConfiguration section */
		4BA772133A49172B682865B7 /* debug Native 32-bit */ = {
			isa = XCBuildConfiguration;
			buildSettings = {
				ALWAYS_SEARCH_USER_PATHS = NO;
				CONFIGURATION_BUILD_DIR = ../bin/x32_debug/example_game;
				GCC_DYNAMIC_NO_PIC = NO;
				GCC_MODEL_TUNING = G5;
				INSTALL_PATH = /usr/local/bin;
				PRODUCT_NAME = "example_game";
			};
			name = "debug Native 32-bit";
		};
		2E6A1BEB561B485B545D7882 /* debug Native 64-bit */ = {
			isa = XCBuildConfiguration;
			buildSettings = {
				ALWAYS_SEARCH_USER_PATHS = NO;
				CONFIGURATION_BUILD_DIR = ../bin/x64_debug/example_game;
				GCC_DYNAMIC_NO_PIC = NO;
				GCC_MODEL_TUNING = G5;
				INSTALL_PATH = /usr/local/bin;
				PRODUCT_NAME = "example_game";
			};
			name = "debug Native 64-bit";
		};
		5EBB064A38CB7FAC42055F78 /* release Native 32-bit */ = {
			isa = XCBuildConfiguration;
			buildSettings = {
				ALWAYS_SEARCH_USER_PATHS = NO;
				DEBUG_INFORMATION_FORMAT = "dwarf-with-dsym";
				CONFIGURATION_BUILD_DIR = ../bin/x32_release/example_game;
				GCC_DYNAMIC_NO_PIC = NO;
				GCC_MODEL_TUNING = G5;
				INSTALL_PATH = /usr/local/bin;
				PRODUCT_NAME = "example_game";
			};
			name = "release Native 32-bit";
		};
		5DD4667057BE5D5F0F0F04B8 /* release Native 64-bit */ = {
			isa = XCBuildConfiguration;
			buildSettings = {
				ALWAYS_SEARCH_USER_PATHS = NO;
				DEBUG_INFORMATION_FORMAT = "dwarf-with-dsym";
				CONFIGURATION_BUILD_DIR = ../bin/x64_release/example_game;
				GCC_DYNAMIC_NO_PIC = NO;
				GCC_MODEL_TUNING = G5;
				INSTALL_PATH = /usr/local/bin;
				PRODUCT_NAME = "example_game";
			};
			name = "release Native 64-bit";
		};
		6526617513E400F47D5E0B40 /* debug Native 32-bit */ = {
			isa = XCBuildConfiguration;
			buildSettings = {
				ARCHS = "i386";
				SDKROOT = "macosx";
				CONFIGURATION_BUILD_DIR = "$(SYMROOT)";
				CONFIGURATION_TEMP_DIR = "$(OBJROOT)";
				COPY_PHASE_STRIP = NO;
				GCC_C_LANGUAGE_STANDARD = gnu99;
				GCC_OPTIMIZATION_LEVEL = 0;
				GCC_PREPROCESSOR_DEFINITIONS = (
					"ASIO_STANDALONE",
					"DEBUG",
				);
				GCC_SYMBOLS_PRIVATE_EXTERN = NO;
				GCC_WARN_ABOUT_RETURN_TYPE = YES;
				GCC_WARN_UNUSED_VARIABLE = YES;
				HEADER_SEARCH_PATHS = (
					"../../../code/thirdparty",
					"../../../code/thirdparty/asio",
					"../../../code",
				);
				OBJROOT = "../build/x32/debug/example_game";
				ONLY_ACTIVE_ARCH = YES;
				SYMROOT = "../bin/x32_debug/example_game";
				WARNING_CFLAGS = "-Wall";
			};
			name = "debug Native 32-bit";
		};
		2240567209CB136411587631 /* debug Native 64-bit */ = {
			isa = XCBuildConfiguration;
			buildSettings = {
				ARCHS = "x86_64";
				SDKROOT = "macosx";
				CONFIGURATION_BUILD_DIR = "$(SYMROOT)";
				CONFIGURATION_TEMP_DIR = "$(OBJROOT)";
				COPY_PHASE_STRIP = NO;
				GCC_C_LANGUAGE_STANDARD = gnu99;
				GCC_OPTIMIZATION_LEVEL = 0;
				GCC_PREPROCESSOR_DEFINITIONS = (
					"ASIO_STANDALONE",
					"DEBUG",
				);
				GCC_SYMBOLS_PRIVATE_EXTERN = NO;
				GCC_WARN_ABOUT_RETURN_TYPE = YES;
				GCC_WARN_UNUSED_VARIABLE = YES;
				HEADER_SEARCH_PATHS = (
					"../../../code/thirdparty",
					"../../../code/thirdparty/asio",
					"../../../code",
				);
				OBJROOT = "../build/x64/debug/example_game";
				ONLY_ACTIVE_ARCH = YES;
				SYMROOT = "../bin/x64_debug/example_game";
				WARNING_CFLAGS = "-Wall";
			};
			name = "debug Native 64-bit";
		};
		1D5815FF7667128A70BF3E31 /* release Native 32-bit */ = {
			isa = XCBuildConfiguration;
			buildSettings = {
				ARCHS = "i386";
				SDKROOT = "macosx";
				CONFIGURATION_BUILD_DIR = "$(SYMROOT)";
				CONFIGURATION_TEMP_DIR = "$(OBJROOT)";
				GCC_C_LANGUAGE_STANDARD = gnu99;
				GCC_OPTIMIZATION_LEVEL = s;
				GCC_PREPROCESSOR_DEFINITIONS = (
					"ASIO_STANDALONE",
					"NDEBUG",
				);
				GCC_SYMBOLS_PRIVATE_EXTERN = NO;
				GCC_WARN_ABOUT_RETURN_TYPE = YES;
				GCC_WARN_UNUSED_VARIABLE = YES;
				HEADER_SEARCH_PATHS = (
					"../../../code/thirdparty",
					"../../../code/thirdparty/asio",
					"../../../code",
				);
				OBJROOT = "../build/x32/release/example_game";
				ONLY_ACTIVE_ARCH = NO;
				SYMROOT = "../bin/x32_release/example_game";
				WARNING_CFLAGS = "-Wall";
			};
			name = "release Native 32-bit";
		};
		4C3F621669790E0B6FD01D00 /* release Native 64-bit */ = {
			isa = XCBuildConfiguration;
			buildSettings = {
				ARCHS = "x86_64";
				SDKROOT = "macosx";
				CONFIGURATION_BUILD_DIR = "$(SYMROOT)";
				CONFIGURATION_TEMP_DIR = "$(OBJROOT)";
				GCC_C_LANGUAGE_STANDARD = gnu99;
				GCC_OPTIMIZATION_LEVEL = s;
				GCC_PREPROCESSOR_DEFINITIONS = (
					"ASIO_STANDALONE",
					"NDEBUG",
				);
				GCC_SYMBOLS_PRIVATE_EXTERN = NO;
				GCC_WARN_ABOUT_RETURN_TYPE = YES;
				GCC_WARN_UNUSED_VARIABLE = YES;
				HEADER_SEARCH_PATHS = (
					"../../../code/thirdparty",
					"../../../code/thirdparty/asio",
					"../../../code",
				);
				OBJROOT = "../build/x64/release/example_game";
				ONLY_ACTIVE_ARCH = NO;
				SYMROOT = "../bin/x64_release/example_game";
				WARNING_CFLAGS = "-Wall";
			};
			name = "release Native 64-bit";
		};
/* End XCBuildConfiguration section */

/* Begin XCConfigurationList section */
		4A2307151259703545DF6C95 /* Build configuration list for PBXNativeTarget "example_game" */ = {
			isa = XCConfigurationList;
			buildConfigurations = (
				4BA772133A49172B682865B7 /* debug Native 32-bit */,
				2E6A1BEB561B485B545D7882 /* debug Native 64-bit */,
				5EBB064A38CB7FAC42055F78 /* release Native 32-bit */,
				5DD4667057BE5D5F0F0F04B8 /* release Native 64-bit */,
			);
			defaultConfigurationIsVisible = 0;
			defaultConfigurationName = "debug Native 32-bit";
		};
		1DEB928908733DD80010E9CD /* Build configuration list for PBXProject "example_game" */ = {
			isa = XCConfigurationList;
			buildConfigurations = (
				6526617513E400F47D5E0B40 /* debug Native 32-bit */,
				2240567209CB136411587631 /* debug Native 64-bit */,
				1D5815FF7667128A70BF3E31 /* release Native 32-bit */,
				4C3F621669790E0B6FD01D00 /* release Native 64-bit */,
			);
			defaultConfigurationIsVisible = 0;
			defaultConfigurationName = "debug Native 32-bit";
		};
/* End XCConfigurationList section */

	};
	rootObject = 08FB7793FE84155DC02AAC07 /* Project object */;
}
